# This file is autogenerated, do not edit; changes may be undone by the next 'dep ensure'.


[[projects]]
  branch = "master"
  digest = "1:76c96b727b19646645c47ef8dcf42fe0ab7865d451a0973a3a89e69642ce368c"
  name = "github.com/generaltso/sadbox"
  packages = ["color"]
  pruneopts = "UT"
  revision = "27893f92b8ce8ff6fe913af4422216027fe5a4a7"

[[projects]]
  digest = "1:188b8fb3e9ea3a3dab7f8a8a1a52eec58d4d0774f83f2064073d01c73d8279d2"
  name = "github.com/generaltso/vibrant"
  packages = ["."]
  pruneopts = "UT"
  revision = "563623b97aee86e824ca3d720304fdeda5d92b9c"
  version = "v1.1"

[[projects]]
  branch = "master"
  digest = "1:62c57507df491b657e9ae2645f30958d9964c8eeb380600469eedc951ebb3a0e"
  name = "github.com/golang/freetype"
  packages = [
    "raster",
    "truetype",
  ]
  pruneopts = "UT"
  revision = "e2365dfdc4a05e4b8299a783240d4a7d5a65d4e4"

[[projects]]
  branch = "master"
  digest = "1:34534b73e925d20cc72cf202f8b482fdcbe3a1b113e19375f31aadabd0f0f97d"
  name = "github.com/nfnt/resize"
  packages = ["."]
  pruneopts = "UT"
  revision = "83c6a9932646f83e3267f353373d47347b6036b2"

[[projects]]
  digest = "1:cf31692c14422fa27c83a05292eb5cbe0fb2775972e8f1f8446a71549bd8980b"
  name = "github.com/pkg/errors"
  packages = ["."]
  pruneopts = "UT"
  revision = "ba968bfe8b2f7e042a574c888954fccecfa385b4"
  version = "v0.8.1"

[[projects]]
  digest = "1:cf762a0ce01d48d8ac03f717aa41f66b655abea67c616d89994ce091a2cc6831"
  name = "github.com/wcharczuk/go-chart"
  packages = [
    ".",
    "drawing",
    "matrix",
    "roboto",
    "seq",
    "util",
  ]
  pruneopts = "UT"
  revision = "7c3982fe3d8ab0c9eea9ab5d2aced51e45d447bc"
  version = "v2.0.1"

[[projects]]
  branch = "master"
  digest = "1:8aa52c7f7476f9ce660f5db479eb0e19681b58783442f33459954757fc6732fe"
  name = "golang.org/x/image"
  packages = [
    "draw",
    "font",
    "math/f64",
    "math/fixed",
  ]
  pruneopts = "UT"
  revision = "183bebdce1b249c42a7cf6772817e8c2e873b966"

[[projects]]
  digest = "1:3261a88df0ef9f1cfaa7cdd7f95bb6e86c8b45dbe76a17a0a43dcfc00e72d621"
  name = "gopkg.in/gographics/imagick.v3"
  packages = [
    "imagick",
    "imagick/types",
  ]
  pruneopts = "UT"
  revision = "e5c95c340c8d9bf140ca670563906805b655d9d9"
  version = "v3.2.0"

[solve-meta]
  analyzer-name = "dep"
  analyzer-version = 1
  input-imports = [
    "github.com/generaltso/vibrant",
    "github.com/pkg/errors",
    "github.com/wcharczuk/go-chart",
    "github.com/wcharczuk/go-chart/drawing",
    "gopkg.in/gographics/imagick.v3/imagick",
  ]
  solver-name = "gps-cdcl"
  solver-version = 1
