# This file is autogenerated, do not edit; changes may be undone by the next 'dep ensure'.


[[projects]]
  branch = "master"
  name = "github.com/generaltso/sadbox"
  packages = ["color"]
  revision = "27893f92b8ce8ff6fe913af4422216027fe5a4a7"

[[projects]]
  name = "github.com/generaltso/vibrant"
  packages = ["."]
  revision = "563623b97aee86e824ca3d720304fdeda5d92b9c"
  version = "v1.1"

[[projects]]
  branch = "master"
  name = "github.com/globalsign/mgo"
  packages = [".","bson","internal/json","internal/sasl","internal/scram"]
  revision = "eeefdecb41b842af6dc652aaea4026e8403e62df"

[[projects]]
  branch = "master"
  name = "github.com/golang/freetype"
  packages = ["raster","truetype"]
  revision = "e2365dfdc4a05e4b8299a783240d4a7d5a65d4e4"

[[projects]]
  branch = "master"
  name = "github.com/nfnt/resize"
  packages = ["."]
  revision = "83c6a9932646f83e3267f353373d47347b6036b2"

[[projects]]
  name = "github.com/pkg/errors"
  packages = ["."]
  revision = "ba968bfe8b2f7e042a574c888954fccecfa385b4"
  version = "v0.8.1"

[[projects]]
  name = "github.com/wcharczuk/go-chart"
  packages = [".","drawing","matrix","roboto","seq","util"]
  revision = "7c3982fe3d8ab0c9eea9ab5d2aced51e45d447bc"
  version = "v2.0.1"

[[projects]]
  branch = "master"
  name = "golang.org/x/image"
  packages = ["draw","font","math/f64","math/fixed"]
  revision = "183bebdce1b249c42a7cf6772817e8c2e873b966"

[[projects]]
  name = "gopkg.in/go-playground/colors.v1"
  packages = ["."]
  revision = "6d198b46b745c6fed7bcae3d0d8f3bb443d37904"
  version = "v1.2.0"

[[projects]]
  name = "gopkg.in/gographics/imagick.v3"
  packages = ["imagick","imagick/types"]
  revision = "e5c95c340c8d9bf140ca670563906805b655d9d9"
  version = "v3.2.0"

[solve-meta]
  analyzer-name = "dep"
  analyzer-version = 1
  inputs-digest = "72438e6f337e0fab13864455bfc23ade21eff1fdfd7593b1177b5d17513c758b"
  solver-name = "gps-cdcl"
  solver-version = 1
